
Microsoft Visual Studio Solution File, Format Version 12.00
# Visual Studio Version 16
VisualStudioVersion = 16.0.30114.105
MinimumVisualStudioVersion = 10.0.40219.1
Project("{FAE04EC0-301F-11D3-BF4B-00C04F79EFBC}") = "leetcode", "leetcode\leetcode.csproj", "{F574CE6A-6EB1-4C20-ACC8-134BDD937C45}"
EndProject
Project("{FAE04EC0-301F-11D3-BF4B-00C04F79EFBC}") = "UnitTestQuestions", "UnitTestQuestions\UnitTestQuestions.csproj", "{E2FF6142-EF92-4682-9EBE-0A53EC2B6267}"
EndProject
Global
	GlobalSection(SolutionConfigurationPlatforms) = preSolution
		Debug|Any CPU = Debug|Any CPU
		Release|Any CPU = Release|Any CPU
	EndGlobalSection
	GlobalSection(ProjectConfigurationPlatforms) = postSolution
		{F574CE6A-6EB1-4C20-ACC8-134BDD937C45}.Debug|Any CPU.ActiveCfg = Debug|Any CPU
		{F574CE6A-6EB1-4C20-ACC8-134BDD937C45}.Debug|Any CPU.Build.0 = Debug|Any CPU
		{F574CE6A-6EB1-4C20-ACC8-134BDD937C45}.Release|Any CPU.ActiveCfg = Release|Any CPU
		{F574CE6A-6EB1-4C20-ACC8-134BDD937C45}.Release|Any CPU.Build.0 = Release|Any CPU
		{E2FF6142-EF92-4682-9EBE-0A53EC2B6267}.Debug|Any CPU.ActiveCfg = Debug|Any CPU
		{E2FF6142-EF92-4682-9EBE-0A53EC2B6267}.Debug|Any CPU.Build.0 = Debug|Any CPU
		{E2FF6142-EF92-4682-9EBE-0A53EC2B6267}.Release|Any CPU.ActiveCfg = Release|Any CPU
		{E2FF6142-EF92-4682-9EBE-0A53EC2B6267}.Release|Any CPU.Build.0 = Release|Any CPU
	EndGlobalSection
	GlobalSection(SolutionProperties) = preSolution
		HideSolutionNode = FALSE
	EndGlobalSection
	GlobalSection(ExtensibilityGlobals) = postSolution
		SolutionGuid = {B7656D26-BE44-4C25-B44F-55DA6D480E40}
	EndGlobalSection
EndGlobal
